// !$*UTF8*$!
{
	archiveVersion = 1;
	classes = {
	};
	objectVersion = 46;
	objects = {

/* Begin PBXBuildFile section */
		9491A6651D8F314C00F9AF55 /* Eureka.framework in Frameworks */ = {isa = PBXBuildFile; fileRef = 9491A6621D8F30F300F9AF55 /* Eureka.framework */; };
		9491A6661D8F314C00F9AF55 /* Eureka.framework in Embed Frameworks */ = {isa = PBXBuildFile; fileRef = 9491A6621D8F30F300F9AF55 /* Eureka.framework */; settings = {ATTRIBUTES = (CodeSignOnCopy, RemoveHeadersOnCopy, ); }; };
		9491A6701D8F31EB00F9AF55 /* AddViewController.swift in Sources */ = {isa = PBXBuildFile; fileRef = 9491A66F1D8F31EB00F9AF55 /* AddViewController.swift */; };
		9491A6731D8FA6E300F9AF55 /* ShowDetailViewController.swift in Sources */ = {isa = PBXBuildFile; fileRef = 9491A6721D8FA6E300F9AF55 /* ShowDetailViewController.swift */; };
		9EAE53071D8EDA6600D7C8F5 /* AppDelegate.swift in Sources */ = {isa = PBXBuildFile; fileRef = 9EAE53061D8EDA6600D7C8F5 /* AppDelegate.swift */; };
		9EAE530C1D8EDA6700D7C8F5 /* Main.storyboard in Resources */ = {isa = PBXBuildFile; fileRef = 9EAE530A1D8EDA6700D7C8F5 /* Main.storyboard */; };
		9EAE530E1D8EDA6700D7C8F5 /* Assets.xcassets in Resources */ = {isa = PBXBuildFile; fileRef = 9EAE530D1D8EDA6700D7C8F5 /* Assets.xcassets */; };
		9EAE53111D8EDA6700D7C8F5 /* LaunchScreen.storyboard in Resources */ = {isa = PBXBuildFile; fileRef = 9EAE530F1D8EDA6700D7C8F5 /* LaunchScreen.storyboard */; };
		9EAE531C1D8EDA6700D7C8F5 /* NextTimeTests.swift in Sources */ = {isa = PBXBuildFile; fileRef = 9EAE531B1D8EDA6700D7C8F5 /* NextTimeTests.swift */; };
		9EAE53271D8EDA6800D7C8F5 /* NextTimeUITests.swift in Sources */ = {isa = PBXBuildFile; fileRef = 9EAE53261D8EDA6800D7C8F5 /* NextTimeUITests.swift */; };
		9EAE53351D8EDC8400D7C8F5 /* MainTableViewController.swift in Sources */ = {isa = PBXBuildFile; fileRef = 9EAE53341D8EDC8400D7C8F5 /* MainTableViewController.swift */; };
		9EAE53371D8EDCF800D7C8F5 /* Item.swift in Sources */ = {isa = PBXBuildFile; fileRef = 9EAE53361D8EDCF800D7C8F5 /* Item.swift */; };
		9EAE53391D8EE07800D7C8F5 /* ItemView.swift in Sources */ = {isa = PBXBuildFile; fileRef = 9EAE53381D8EE07800D7C8F5 /* ItemView.swift */; };
/* End PBXBuildFile section */

/* Begin PBXContainerItemProxy section */
		9491A6611D8F30F300F9AF55 /* PBXContainerItemProxy */ = {
			isa = PBXContainerItemProxy;
			containerPortal = 9491A65C1D8F30F200F9AF55 /* Eureka.xcodeproj */;
			proxyType = 2;
			remoteGlobalIDString = 51729DEB1B9A4F5E004A00EB;
			remoteInfo = Eureka;
		};
		9491A6631D8F30F300F9AF55 /* PBXContainerItemProxy */ = {
			isa = PBXContainerItemProxy;
			containerPortal = 9491A65C1D8F30F200F9AF55 /* Eureka.xcodeproj */;
			proxyType = 2;
			remoteGlobalIDString = 51729DF51B9A4F5E004A00EB;
			remoteInfo = EurekaTests;
		};
		9491A6671D8F314C00F9AF55 /* PBXContainerItemProxy */ = {
			isa = PBXContainerItemProxy;
			containerPortal = 9491A65C1D8F30F200F9AF55 /* Eureka.xcodeproj */;
			proxyType = 1;
			remoteGlobalIDString = 51729DEA1B9A4F5E004A00EB;
			remoteInfo = Eureka;
		};
		9EAE53181D8EDA6700D7C8F5 /* PBXContainerItemProxy */ = {
			isa = PBXContainerItemProxy;
			containerPortal = 9EAE52FB1D8EDA6500D7C8F5 /* Project object */;
			proxyType = 1;
			remoteGlobalIDString = 9EAE53021D8EDA6600D7C8F5;
			remoteInfo = NextTime;
		};
		9EAE53231D8EDA6800D7C8F5 /* PBXContainerItemProxy */ = {
			isa = PBXContainerItemProxy;
			containerPortal = 9EAE52FB1D8EDA6500D7C8F5 /* Project object */;
			proxyType = 1;
			remoteGlobalIDString = 9EAE53021D8EDA6600D7C8F5;
			remoteInfo = NextTime;
		};
/* End PBXContainerItemProxy section */

/* Begin PBXCopyFilesBuildPhase section */
		9491A6691D8F314C00F9AF55 /* Embed Frameworks */ = {
			isa = PBXCopyFilesBuildPhase;
			buildActionMask = 2147483647;
			dstPath = "";
			dstSubfolderSpec = 10;
			files = (
				9491A6661D8F314C00F9AF55 /* Eureka.framework in Embed Frameworks */,
			);
			name = "Embed Frameworks";
			runOnlyForDeploymentPostprocessing = 0;
		};
/* End PBXCopyFilesBuildPhase section */

/* Begin PBXFileReference section */
		9491A65C1D8F30F200F9AF55 /* Eureka.xcodeproj */ = {isa = PBXFileReference; lastKnownFileType = "wrapper.pb-project"; name = Eureka.xcodeproj; path = Eureka/Eureka.xcodeproj; sourceTree = "<group>"; };
		9491A66F1D8F31EB00F9AF55 /* AddViewController.swift */ = {isa = PBXFileReference; fileEncoding = 4; lastKnownFileType = sourcecode.swift; path = AddViewController.swift; sourceTree = "<group>"; };
		9491A6721D8FA6E300F9AF55 /* ShowDetailViewController.swift */ = {isa = PBXFileReference; fileEncoding = 4; lastKnownFileType = sourcecode.swift; path = ShowDetailViewController.swift; sourceTree = "<group>"; };
		9EAE53031D8EDA6600D7C8F5 /* NextTime.app */ = {isa = PBXFileReference; explicitFileType = wrapper.application; includeInIndex = 0; path = NextTime.app; sourceTree = BUILT_PRODUCTS_DIR; };
		9EAE53061D8EDA6600D7C8F5 /* AppDelegate.swift */ = {isa = PBXFileReference; lastKnownFileType = sourcecode.swift; path = AppDelegate.swift; sourceTree = "<group>"; };
		9EAE530B1D8EDA6700D7C8F5 /* Base */ = {isa = PBXFileReference; lastKnownFileType = file.storyboard; name = Base; path = Base.lproj/Main.storyboard; sourceTree = "<group>"; };
		9EAE530D1D8EDA6700D7C8F5 /* Assets.xcassets */ = {isa = PBXFileReference; lastKnownFileType = folder.assetcatalog; path = Assets.xcassets; sourceTree = "<group>"; };
		9EAE53101D8EDA6700D7C8F5 /* Base */ = {isa = PBXFileReference; lastKnownFileType = file.storyboard; name = Base; path = Base.lproj/LaunchScreen.storyboard; sourceTree = "<group>"; };
		9EAE53121D8EDA6700D7C8F5 /* Info.plist */ = {isa = PBXFileReference; lastKnownFileType = text.plist.xml; path = Info.plist; sourceTree = "<group>"; };
		9EAE53171D8EDA6700D7C8F5 /* NextTimeTests.xctest */ = {isa = PBXFileReference; explicitFileType = wrapper.cfbundle; includeInIndex = 0; path = NextTimeTests.xctest; sourceTree = BUILT_PRODUCTS_DIR; };
		9EAE531B1D8EDA6700D7C8F5 /* NextTimeTests.swift */ = {isa = PBXFileReference; lastKnownFileType = sourcecode.swift; path = NextTimeTests.swift; sourceTree = "<group>"; };
		9EAE531D1D8EDA6700D7C8F5 /* Info.plist */ = {isa = PBXFileReference; lastKnownFileType = text.plist.xml; path = Info.plist; sourceTree = "<group>"; };
		9EAE53221D8EDA6800D7C8F5 /* NextTimeUITests.xctest */ = {isa = PBXFileReference; explicitFileType = wrapper.cfbundle; includeInIndex = 0; path = NextTimeUITests.xctest; sourceTree = BUILT_PRODUCTS_DIR; };
		9EAE53261D8EDA6800D7C8F5 /* NextTimeUITests.swift */ = {isa = PBXFileReference; lastKnownFileType = sourcecode.swift; path = NextTimeUITests.swift; sourceTree = "<group>"; };
		9EAE53281D8EDA6800D7C8F5 /* Info.plist */ = {isa = PBXFileReference; lastKnownFileType = text.plist.xml; path = Info.plist; sourceTree = "<group>"; };
		9EAE53341D8EDC8400D7C8F5 /* MainTableViewController.swift */ = {isa = PBXFileReference; fileEncoding = 4; lastKnownFileType = sourcecode.swift; path = MainTableViewController.swift; sourceTree = "<group>"; };
		9EAE53361D8EDCF800D7C8F5 /* Item.swift */ = {isa = PBXFileReference; fileEncoding = 4; lastKnownFileType = sourcecode.swift; path = Item.swift; sourceTree = "<group>"; };
		9EAE53381D8EE07800D7C8F5 /* ItemView.swift */ = {isa = PBXFileReference; fileEncoding = 4; lastKnownFileType = sourcecode.swift; path = ItemView.swift; sourceTree = "<group>"; };
/* End PBXFileReference section */

/* Begin PBXFrameworksBuildPhase section */
		9EAE53001D8EDA6600D7C8F5 /* Frameworks */ = {
			isa = PBXFrameworksBuildPhase;
			buildActionMask = 2147483647;
			files = (
				9491A6651D8F314C00F9AF55 /* Eureka.framework in Frameworks */,
			);
			runOnlyForDeploymentPostprocessing = 0;
		};
		9EAE53141D8EDA6700D7C8F5 /* Frameworks */ = {
			isa = PBXFrameworksBuildPhase;
			buildActionMask = 2147483647;
			files = (
			);
			runOnlyForDeploymentPostprocessing = 0;
		};
		9EAE531F1D8EDA6700D7C8F5 /* Frameworks */ = {
			isa = PBXFrameworksBuildPhase;
			buildActionMask = 2147483647;
			files = (
			);
			runOnlyForDeploymentPostprocessing = 0;
		};
/* End PBXFrameworksBuildPhase section */

/* Begin PBXGroup section */
		9491A65D1D8F30F200F9AF55 /* Products */ = {
			isa = PBXGroup;
			children = (
				9491A6621D8F30F300F9AF55 /* Eureka.framework */,
				9491A6641D8F30F300F9AF55 /* EurekaTests.xctest */,
			);
			name = Products;
			sourceTree = "<group>";
		};
		9491A66A1D8F319200F9AF55 /* Main Screen */ = {
			isa = PBXGroup;
			children = (
				9EAE53381D8EE07800D7C8F5 /* ItemView.swift */,
				9EAE53341D8EDC8400D7C8F5 /* MainTableViewController.swift */,
			);
			name = "Main Screen";
			sourceTree = "<group>";
		};
		9491A66B1D8F319D00F9AF55 /* Add Task */ = {
			isa = PBXGroup;
			children = (
				9491A66F1D8F31EB00F9AF55 /* AddViewController.swift */,
			);
			name = "Add Task";
			sourceTree = "<group>";
		};
		9491A66C1D8F31A700F9AF55 /* Data Model */ = {
			isa = PBXGroup;
			children = (
				9EAE53361D8EDCF800D7C8F5 /* Item.swift */,
			);
			name = "Data Model";
			sourceTree = "<group>";
		};
		9491A66D1D8F31B300F9AF55 /* Storyboards */ = {
			isa = PBXGroup;
			children = (
				9EAE530A1D8EDA6700D7C8F5 /* Main.storyboard */,
				9EAE530F1D8EDA6700D7C8F5 /* LaunchScreen.storyboard */,
			);
			name = Storyboards;
			sourceTree = "<group>";
		};
		9491A66E1D8F31CD00F9AF55 /* Task Detail */ = {
			isa = PBXGroup;
			children = (
				9491A6721D8FA6E300F9AF55 /* ShowDetailViewController.swift */,
			);
			name = "Task Detail";
			sourceTree = "<group>";
		};
		9EAE52FA1D8EDA6500D7C8F5 = {
			isa = PBXGroup;
			children = (
				9EAE53051D8EDA6600D7C8F5 /* NextTime */,
				9EAE531A1D8EDA6700D7C8F5 /* NextTimeTests */,
				9EAE53251D8EDA6800D7C8F5 /* NextTimeUITests */,
				9EAE53041D8EDA6600D7C8F5 /* Products */,
				9491A65C1D8F30F200F9AF55 /* Eureka.xcodeproj */,
			);
			sourceTree = "<group>";
		};
		9EAE53041D8EDA6600D7C8F5 /* Products */ = {
			isa = PBXGroup;
			children = (
				9EAE53031D8EDA6600D7C8F5 /* NextTime.app */,
				9EAE53171D8EDA6700D7C8F5 /* NextTimeTests.xctest */,
				9EAE53221D8EDA6800D7C8F5 /* NextTimeUITests.xctest */,
			);
			name = Products;
			sourceTree = "<group>";
		};
		9EAE53051D8EDA6600D7C8F5 /* NextTime */ = {
			isa = PBXGroup;
			children = (
				9EAE53061D8EDA6600D7C8F5 /* AppDelegate.swift */,
				9491A66C1D8F31A700F9AF55 /* Data Model */,
				9491A66D1D8F31B300F9AF55 /* Storyboards */,
				9491A66B1D8F319D00F9AF55 /* Add Task */,
				9491A66A1D8F319200F9AF55 /* Main Screen */,
				9491A66E1D8F31CD00F9AF55 /* Task Detail */,
				9EAE530D1D8EDA6700D7C8F5 /* Assets.xcassets */,
				9EAE53121D8EDA6700D7C8F5 /* Info.plist */,
			);
			path = NextTime;
			sourceTree = "<group>";
		};
		9EAE531A1D8EDA6700D7C8F5 /* NextTimeTests */ = {
			isa = PBXGroup;
			children = (
				9EAE531B1D8EDA6700D7C8F5 /* NextTimeTests.swift */,
				9EAE531D1D8EDA6700D7C8F5 /* Info.plist */,
			);
			path = NextTimeTests;
			sourceTree = "<group>";
		};
		9EAE53251D8EDA6800D7C8F5 /* NextTimeUITests */ = {
			isa = PBXGroup;
			children = (
				9EAE53261D8EDA6800D7C8F5 /* NextTimeUITests.swift */,
				9EAE53281D8EDA6800D7C8F5 /* Info.plist */,
			);
			path = NextTimeUITests;
			sourceTree = "<group>";
		};
/* End PBXGroup section */

/* Begin PBXNativeTarget section */
		9EAE53021D8EDA6600D7C8F5 /* NextTime */ = {
			isa = PBXNativeTarget;
			buildConfigurationList = 9EAE532B1D8EDA6800D7C8F5 /* Build configuration list for PBXNativeTarget "NextTime" */;
			buildPhases = (
				9EAE52FF1D8EDA6600D7C8F5 /* Sources */,
				9EAE53001D8EDA6600D7C8F5 /* Frameworks */,
				9EAE53011D8EDA6600D7C8F5 /* Resources */,
				9491A6691D8F314C00F9AF55 /* Embed Frameworks */,
			);
			buildRules = (
			);
			dependencies = (
				9491A6681D8F314C00F9AF55 /* PBXTargetDependency */,
			);
			name = NextTime;
			productName = NextTime;
			productReference = 9EAE53031D8EDA6600D7C8F5 /* NextTime.app */;
			productType = "com.apple.product-type.application";
		};
		9EAE53161D8EDA6700D7C8F5 /* NextTimeTests */ = {
			isa = PBXNativeTarget;
			buildConfigurationList = 9EAE532E1D8EDA6800D7C8F5 /* Build configuration list for PBXNativeTarget "NextTimeTests" */;
			buildPhases = (
				9EAE53131D8EDA6700D7C8F5 /* Sources */,
				9EAE53141D8EDA6700D7C8F5 /* Frameworks */,
				9EAE53151D8EDA6700D7C8F5 /* Resources */,
			);
			buildRules = (
			);
			dependencies = (
				9EAE53191D8EDA6700D7C8F5 /* PBXTargetDependency */,
			);
			name = NextTimeTests;
			productName = NextTimeTests;
			productReference = 9EAE53171D8EDA6700D7C8F5 /* NextTimeTests.xctest */;
			productType = "com.apple.product-type.bundle.unit-test";
		};
		9EAE53211D8EDA6700D7C8F5 /* NextTimeUITests */ = {
			isa = PBXNativeTarget;
			buildConfigurationList = 9EAE53311D8EDA6800D7C8F5 /* Build configuration list for PBXNativeTarget "NextTimeUITests" */;
			buildPhases = (
				9EAE531E1D8EDA6700D7C8F5 /* Sources */,
				9EAE531F1D8EDA6700D7C8F5 /* Frameworks */,
				9EAE53201D8EDA6700D7C8F5 /* Resources */,
			);
			buildRules = (
			);
			dependencies = (
				9EAE53241D8EDA6800D7C8F5 /* PBXTargetDependency */,
			);
			name = NextTimeUITests;
			productName = NextTimeUITests;
			productReference = 9EAE53221D8EDA6800D7C8F5 /* NextTimeUITests.xctest */;
			productType = "com.apple.product-type.bundle.ui-testing";
		};
/* End PBXNativeTarget section */

/* Begin PBXProject section */
		9EAE52FB1D8EDA6500D7C8F5 /* Project object */ = {
			isa = PBXProject;
			attributes = {
				LastSwiftUpdateCheck = 0730;
				LastUpgradeCheck = 0730;
				ORGANIZATIONNAME = "Shlok Kapoor";
				TargetAttributes = {
					9EAE53021D8EDA6600D7C8F5 = {
						CreatedOnToolsVersion = 7.3.1;
					};
					9EAE53161D8EDA6700D7C8F5 = {
						CreatedOnToolsVersion = 7.3.1;
						TestTargetID = 9EAE53021D8EDA6600D7C8F5;
					};
					9EAE53211D8EDA6700D7C8F5 = {
						CreatedOnToolsVersion = 7.3.1;
						TestTargetID = 9EAE53021D8EDA6600D7C8F5;
					};
				};
			};
			buildConfigurationList = 9EAE52FE1D8EDA6500D7C8F5 /* Build configuration list for PBXProject "NextTime" */;
			compatibilityVersion = "Xcode 3.2";
			developmentRegion = English;
			hasScannedForEncodings = 0;
			knownRegions = (
				en,
				Base,
			);
			mainGroup = 9EAE52FA1D8EDA6500D7C8F5;
			productRefGroup = 9EAE53041D8EDA6600D7C8F5 /* Products */;
			projectDirPath = "";
			projectReferences = (
				{
					ProductGroup = 9491A65D1D8F30F200F9AF55 /* Products */;
					ProjectRef = 9491A65C1D8F30F200F9AF55 /* Eureka.xcodeproj */;
				},
			);
			projectRoot = "";
			targets = (
				9EAE53021D8EDA6600D7C8F5 /* NextTime */,
				9EAE53161D8EDA6700D7C8F5 /* NextTimeTests */,
				9EAE53211D8EDA6700D7C8F5 /* NextTimeUITests */,
			);
		};
/* End PBXProject section */

/* Begin PBXReferenceProxy section */
		9491A6621D8F30F300F9AF55 /* Eureka.framework */ = {
			isa = PBXReferenceProxy;
			fileType = wrapper.framework;
			path = Eureka.framework;
			remoteRef = 9491A6611D8F30F300F9AF55 /* PBXContainerItemProxy */;
			sourceTree = BUILT_PRODUCTS_DIR;
		};
		9491A6641D8F30F300F9AF55 /* EurekaTests.xctest */ = {
			isa = PBXReferenceProxy;
			fileType = wrapper.cfbundle;
			path = EurekaTests.xctest;
			remoteRef = 9491A6631D8F30F300F9AF55 /* PBXContainerItemProxy */;
			sourceTree = BUILT_PRODUCTS_DIR;
		};
/* End PBXReferenceProxy section */

/* Begin PBXResourcesBuildPhase section */
		9EAE53011D8EDA6600D7C8F5 /* Resources */ = {
			isa = PBXResourcesBuildPhase;
			buildActionMask = 2147483647;
			files = (
				9EAE53111D8EDA6700D7C8F5 /* LaunchScreen.storyboard in Resources */,
				9EAE530E1D8EDA6700D7C8F5 /* Assets.xcassets in Resources */,
				9EAE530C1D8EDA6700D7C8F5 /* Main.storyboard in Resources */,
			);
			runOnlyForDeploymentPostprocessing = 0;
		};
		9EAE53151D8EDA6700D7C8F5 /* Resources */ = {
			isa = PBXResourcesBuildPhase;
			buildActionMask = 2147483647;
			files = (
			);
			runOnlyForDeploymentPostprocessing = 0;
		};
		9EAE53201D8EDA6700D7C8F5 /* Resources */ = {
			isa = PBXResourcesBuildPhase;
			buildActionMask = 2147483647;
			files = (
			);
			runOnlyForDeploymentPostprocessing = 0;
		};
/* End PBXResourcesBuildPhase section */

/* Begin PBXSourcesBuildPhase section */
		9EAE52FF1D8EDA6600D7C8F5 /* Sources */ = {
			isa = PBXSourcesBuildPhase;
			buildActionMask = 2147483647;
			files = (
				9EAE53371D8EDCF800D7C8F5 /* Item.swift in Sources */,
				9EAE53351D8EDC8400D7C8F5 /* MainTableViewController.swift in Sources */,
				9491A6701D8F31EB00F9AF55 /* AddViewController.swift in Sources */,
				9EAE53391D8EE07800D7C8F5 /* ItemView.swift in Sources */,
				9491A6731D8FA6E300F9AF55 /* ShowDetailViewController.swift in Sources */,
				9EAE53071D8EDA6600D7C8F5 /* AppDelegate.swift in Sources */,
			);
			runOnlyForDeploymentPostprocessing = 0;
		};
		9EAE53131D8EDA6700D7C8F5 /* Sources */ = {
			isa = PBXSourcesBuildPhase;
			buildActionMask = 2147483647;
			files = (
				9EAE531C1D8EDA6700D7C8F5 /* NextTimeTests.swift in Sources */,
			);
			runOnlyForDeploymentPostprocessing = 0;
		};
		9EAE531E1D8EDA6700D7C8F5 /* Sources */ = {
			isa = PBXSourcesBuildPhase;
			buildActionMask = 2147483647;
			files = (
				9EAE53271D8EDA6800D7C8F5 /* NextTimeUITests.swift in Sources */,
			);
			runOnlyForDeploymentPostprocessing = 0;
		};
/* End PBXSourcesBuildPhase section */

/* Begin PBXTargetDependency section */
		9491A6681D8F314C00F9AF55 /* PBXTargetDependency */ = {
			isa = PBXTargetDependency;
			name = Eureka;
			targetProxy = 9491A6671D8F314C00F9AF55 /* PBXContainerItemProxy */;
		};
		9EAE53191D8EDA6700D7C8F5 /* PBXTargetDependency */ = {
			isa = PBXTargetDependency;
			target = 9EAE53021D8EDA6600D7C8F5 /* NextTime */;
			targetProxy = 9EAE53181D8EDA6700D7C8F5 /* PBXContainerItemProxy */;
		};
		9EAE53241D8EDA6800D7C8F5 /* PBXTargetDependency */ = {
			isa = PBXTargetDependency;
			target = 9EAE53021D8EDA6600D7C8F5 /* NextTime */;
			targetProxy = 9EAE53231D8EDA6800D7C8F5 /* PBXContainerItemProxy */;
		};
/* End PBXTargetDependency section */

/* Begin PBXVariantGroup section */
		9EAE530A1D8EDA6700D7C8F5 /* Main.storyboard */ = {
			isa = PBXVariantGroup;
			children = (
				9EAE530B1D8EDA6700D7C8F5 /* Base */,
			);
			name = Main.storyboard;
			sourceTree = "<group>";
		};
		9EAE530F1D8EDA6700D7C8F5 /* LaunchScreen.storyboard */ = {
			isa = PBXVariantGroup;
			children = (
				9EAE53101D8EDA6700D7C8F5 /* Base */,
			);
			name = LaunchScreen.storyboard;
			sourceTree = "<group>";
		};
/* End PBXVariantGroup section */

/* Begin XCBuildConfiguration section */
		9EAE53291D8EDA6800D7C8F5 /* Debug */ = {
			isa = XCBuildConfiguration;
			buildSettings = {
				ALWAYS_SEARCH_USER_PATHS = NO;
				CLANG_ANALYZER_NONNULL = YES;
				CLANG_CXX_LANGUAGE_STANDARD = "gnu++0x";
				CLANG_CXX_LIBRARY = "libc++";
				CLANG_ENABLE_MODULES = YES;
				CLANG_ENABLE_OBJC_ARC = YES;
				CLANG_WARN_BOOL_CONVERSION = YES;
				CLANG_WARN_CONSTANT_CONVERSION = YES;
				CLANG_WARN_DIRECT_OBJC_ISA_USAGE = YES_ERROR;
				CLANG_WARN_EMPTY_BODY = YES;
				CLANG_WARN_ENUM_CONVERSION = YES;
				CLANG_WARN_INT_CONVERSION = YES;
				CLANG_WARN_OBJC_ROOT_CLASS = YES_ERROR;
				CLANG_WARN_UNREACHABLE_CODE = YES;
				CLANG_WARN__DUPLICATE_METHOD_MATCH = YES;
				"CODE_SIGN_IDENTITY[sdk=iphoneos*]" = "iPhone Developer";
				COPY_PHASE_STRIP = NO;
				DEBUG_INFORMATION_FORMAT = dwarf;
				ENABLE_STRICT_OBJC_MSGSEND = YES;
				ENABLE_TESTABILITY = YES;
				GCC_C_LANGUAGE_STANDARD = gnu99;
				GCC_DYNAMIC_NO_PIC = NO;
				GCC_NO_COMMON_BLOCKS = YES;
				GCC_OPTIMIZATION_LEVEL = 0;
				GCC_PREPROCESSOR_DEFINITIONS = (
					"DEBUG=1",
					"$(inherited)",
				);
				GCC_WARN_64_TO_32_BIT_CONVERSION = YES;
				GCC_WARN_ABOUT_RETURN_TYPE = YES_ERROR;
				GCC_WARN_UNDECLARED_SELECTOR = YES;
				GCC_WARN_UNINITIALIZED_AUTOS = YES_AGGRESSIVE;
				GCC_WARN_UNUSED_FUNCTION = YES;
				GCC_WARN_UNUSED_VARIABLE = YES;
				IPHONEOS_DEPLOYMENT_TARGET = 9.3;
				MTL_ENABLE_DEBUG_INFO = YES;
				ONLY_ACTIVE_ARCH = YES;
				SDKROOT = iphoneos;
				SWIFT_OPTIMIZATION_LEVEL = "-Onone";
				TARGETED_DEVICE_FAMILY = "1,2";
			};
			name = Debug;
		};
		9EAE532A1D8EDA6800D7C8F5 /* Release */ = {
			isa = XCBuildConfiguration;
			buildSettings = {
				ALWAYS_SEARCH_USER_PATHS = NO;
				CLANG_ANALYZER_NONNULL = YES;
				CLANG_CXX_LANGUAGE_STANDARD = "gnu++0x";
				CLANG_CXX_LIBRARY = "libc++";
				CLANG_ENABLE_MODULES = YES;
				CLANG_ENABLE_OBJC_ARC = YES;
				CLANG_WARN_BOOL_CONVERSION = YES;
				CLANG_WARN_CONSTANT_CONVERSION = YES;
				CLANG_WARN_DIRECT_OBJC_ISA_USAGE = YES_ERROR;
				CLANG_WARN_EMPTY_BODY = YES;
				CLANG_WARN_ENUM_CONVERSION = YES;
				CLANG_WARN_INT_CONVERSION = YES;
				CLANG_WARN_OBJC_ROOT_CLASS = YES_ERROR;
				CLANG_WARN_UNREACHABLE_CODE = YES;
				CLANG_WARN__DUPLICATE_METHOD_MATCH = YES;
				"CODE_SIGN_IDENTITY[sdk=iphoneos*]" = "iPhone Developer";
				COPY_PHASE_STRIP = NO;
				DEBUG_INFORMATION_FORMAT = "dwarf-with-dsym";
				ENABLE_NS_ASSERTIONS = NO;
				ENABLE_STRICT_OBJC_MSGSEND = YES;
				GCC_C_LANGUAGE_STANDARD = gnu99;
				GCC_NO_COMMON_BLOCKS = YES;
				GCC_WARN_64_TO_32_BIT_CONVERSION = YES;
				GCC_WARN_ABOUT_RETURN_TYPE = YES_ERROR;
				GCC_WARN_UNDECLARED_SELECTOR = YES;
				GCC_WARN_UNINITIALIZED_AUTOS = YES_AGGRESSIVE;
				GCC_WARN_UNUSED_FUNCTION = YES;
				GCC_WARN_UNUSED_VARIABLE = YES;
				IPHONEOS_DEPLOYMENT_TARGET = 9.3;
				MTL_ENABLE_DEBUG_INFO = NO;
				SDKROOT = iphoneos;
				TARGETED_DEVICE_FAMILY = "1,2";
				VALIDATE_PRODUCT = YES;
			};
			name = Release;
		};
		9EAE532C1D8EDA6800D7C8F5 /* Debug */ = {
			isa = XCBuildConfiguration;
			buildSettings = {
				ASSETCATALOG_COMPILER_APPICON_NAME = AppIcon;
				EMBEDDED_CONTENT_CONTAINS_SWIFT = YES;
				INFOPLIST_FILE = NextTime/Info.plist;
				LD_RUNPATH_SEARCH_PATHS = "$(inherited) @executable_path/Frameworks";
				PRODUCT_BUNDLE_IDENTIFIER = AppGali.NextTime;
				PRODUCT_NAME = "$(TARGET_NAME)";
			};
			name = Debug;
		};
		9EAE532D1D8EDA6800D7C8F5 /* Release */ = {
			isa = XCBuildConfiguration;
			buildSettings = {
				ASSETCATALOG_COMPILER_APPICON_NAME = AppIcon;
				EMBEDDED_CONTENT_CONTAINS_SWIFT = YES;
				INFOPLIST_FILE = NextTime/Info.plist;
				LD_RUNPATH_SEARCH_PATHS = "$(inherited) @executable_path/Frameworks";
				PRODUCT_BUNDLE_IDENTIFIER = AppGali.NextTime;
				PRODUCT_NAME = "$(TARGET_NAME)";
			};
			name = Release;
		};
		9EAE532F1D8EDA6800D7C8F5 /* Debug */ = {
			isa = XCBuildConfiguration;
			buildSettings = {
				BUNDLE_LOADER = "$(TEST_HOST)";
				INFOPLIST_FILE = NextTimeTests/Info.plist;
				LD_RUNPATH_SEARCH_PATHS = "$(inherited) @executable_path/Frameworks @loader_path/Frameworks";
				PRODUCT_BUNDLE_IDENTIFIER = AppGali.NextTimeTests;
				PRODUCT_NAME = "$(TARGET_NAME)";
				TEST_HOST = "$(BUILT_PRODUCTS_DIR)/NextTime.app/NextTime";
			};
			name = Debug;
		};
		9EAE53301D8EDA6800D7C8F5 /* Release */ = {
			isa = XCBuildConfiguration;
			buildSettings = {
				BUNDLE_LOADER = "$(TEST_HOST)";
				INFOPLIST_FILE = NextTimeTests/Info.plist;
				LD_RUNPATH_SEARCH_PATHS = "$(inherited) @executable_path/Frameworks @loader_path/Frameworks";
				PRODUCT_BUNDLE_IDENTIFIER = AppGali.NextTimeTests;
				PRODUCT_NAME = "$(TARGET_NAME)";
				TEST_HOST = "$(BUILT_PRODUCTS_DIR)/NextTime.app/NextTime";
			};
			name = Release;
		};
		9EAE53321D8EDA6800D7C8F5 /* Debug */ = {
			isa = XCBuildConfiguration;
			buildSettings = {
				INFOPLIST_FILE = NextTimeUITests/Info.plist;
				LD_RUNPATH_SEARCH_PATHS = "$(inherited) @executable_path/Frameworks @loader_path/Frameworks";
				PRODUCT_BUNDLE_IDENTIFIER = AppGali.NextTimeUITests;
				PRODUCT_NAME = "$(TARGET_NAME)";
				TEST_TARGET_NAME = NextTime;
			};
			name = Debug;
		};
		9EAE53331D8EDA6800D7C8F5 /* Release */ = {
			isa = XCBuildConfiguration;
			buildSettings = {
				INFOPLIST_FILE = NextTimeUITests/Info.plist;
				LD_RUNPATH_SEARCH_PATHS = "$(inherited) @executable_path/Frameworks @loader_path/Frameworks";
				PRODUCT_BUNDLE_IDENTIFIER = AppGali.NextTimeUITests;
				PRODUCT_NAME = "$(TARGET_NAME)";
				TEST_TARGET_NAME = NextTime;
			};
			name = Release;
		};
/* End XCBuildConfiguration section */

/* Begin XCConfigurationList section */
		9EAE52FE1D8EDA6500D7C8F5 /* Build configuration list for PBXProject "NextTime" */ = {
			isa = XCConfigurationList;
			buildConfigurations = (
				9EAE53291D8EDA6800D7C8F5 /* Debug */,
				9EAE532A1D8EDA6800D7C8F5 /* Release */,
			);
			defaultConfigurationIsVisible = 0;
			defaultConfigurationName = Release;
		};
		9EAE532B1D8EDA6800D7C8F5 /* Build configuration list for PBXNativeTarget "NextTime" */ = {
			isa = XCConfigurationList;
			buildConfigurations = (
				9EAE532C1D8EDA6800D7C8F5 /* Debug */,
				9EAE532D1D8EDA6800D7C8F5 /* Release */,
			);
			defaultConfigurationIsVisible = 0;
			defaultConfigurationName = Release;
		};
		9EAE532E1D8EDA6800D7C8F5 /* Build configuration list for PBXNativeTarget "NextTimeTests" */ = {
			isa = XCConfigurationList;
			buildConfigurations = (
				9EAE532F1D8EDA6800D7C8F5 /* Debug */,
				9EAE53301D8EDA6800D7C8F5 /* Release */,
			);
			defaultConfigurationIsVisible = 0;
			defaultConfigurationName = Release;
		};
		9EAE53311D8EDA6800D7C8F5 /* Build configuration list for PBXNativeTarget "NextTimeUITests" */ = {
			isa = XCConfigurationList;
			buildConfigurations = (
				9EAE53321D8EDA6800D7C8F5 /* Debug */,
				9EAE53331D8EDA6800D7C8F5 /* Release */,
			);
			defaultConfigurationIsVisible = 0;
			defaultConfigurationName = Release;
		};
/* End XCConfigurationList section */
	};
	rootObject = 9EAE52FB1D8EDA6500D7C8F5 /* Project object */;
}
